
Microsoft Visual Studio Solution File, Format Version 12.00
# Visual Studio Version 17
VisualStudioVersion = 17.7.34031.279
MinimumVisualStudioVersion = 10.0.40219.1
Project("{8BC9CEB8-8B4A-11D0-8D11-00A0C91BC942}") = "Queue", "Queue.vcxproj", "{0FCAE377-C5E4-4827-BB93-936B92C2DB43}"
EndProject
Global
	GlobalSection(SolutionConfigurationPlatforms) = preSolution
		Debug|x64 = Debug|x64
		Debug|x86 = Debug|x86
		Release|x64 = Release|x64
		Release|x86 = Release|x86
	EndGlobalSection
	GlobalSection(ProjectConfigurationPlatforms) = postSolution
		{0FCAE377-C5E4-4827-BB93-936B92C2DB43}.Debug|x64.ActiveCfg = Debug|x64
		{0FCAE377-C5E4-4827-BB93-936B92C2DB43}.Debug|x64.Build.0 = Debug|x64
		{0FCAE377-C5E4-4827-BB93-936B92C2DB43}.Debug|x86.ActiveCfg = Debug|Win32
		{0FCAE377-C5E4-4827-BB93-936B92C2DB43}.Debug|x86.Build.0 = Debug|Win32
		{0FCAE377-C5E4-4827-BB93-936B92C2DB43}.Release|x64.ActiveCfg = Release|x64
		{0FCAE377-C5E4-4827-BB93-936B92C2DB43}.Release|x64.Build.0 = Release|x64
		{0FCAE377-C5E4-4827-BB93-936B92C2DB43}.Release|x86.ActiveCfg = Release|Win32
		{0FCAE377-C5E4-4827-BB93-936B92C2DB43}.Release|x86.Build.0 = Release|Win32
	EndGlobalSection
	GlobalSection(SolutionProperties) = preSolution
		HideSolutionNode = FALSE
	EndGlobalSection
	GlobalSection(ExtensibilityGlobals) = postSolution
		SolutionGuid = {B13E962A-CC8A-4003-9F35-CBFD1BD4EB09}
	EndGlobalSection
EndGlobal
