
Microsoft Visual Studio Solution File, Format Version 12.00
# Visual Studio Version 17
VisualStudioVersion = 17.11.35222.181
MinimumVisualStudioVersion = 10.0.40219.1
Project("{8BC9CEB8-8B4A-11D0-8D11-00A0C91BC942}") = "09-Feb11", "09-Feb11.vcxproj", "{E8E43F6D-1F9C-475A-A758-7A97B13F637B}"
EndProject
Global
	GlobalSection(SolutionConfigurationPlatforms) = preSolution
		Debug|x64 = Debug|x64
		Debug|x86 = Debug|x86
		Release|x64 = Release|x64
		Release|x86 = Release|x86
	EndGlobalSection
	GlobalSection(ProjectConfigurationPlatforms) = postSolution
		{E8E43F6D-1F9C-475A-A758-7A97B13F637B}.Debug|x64.ActiveCfg = Debug|x64
		{E8E43F6D-1F9C-475A-A758-7A97B13F637B}.Debug|x64.Build.0 = Debug|x64
		{E8E43F6D-1F9C-475A-A758-7A97B13F637B}.Debug|x86.ActiveCfg = Debug|Win32
		{E8E43F6D-1F9C-475A-A758-7A97B13F637B}.Debug|x86.Build.0 = Debug|Win32
		{E8E43F6D-1F9C-475A-A758-7A97B13F637B}.Release|x64.ActiveCfg = Release|x64
		{E8E43F6D-1F9C-475A-A758-7A97B13F637B}.Release|x64.Build.0 = Release|x64
		{E8E43F6D-1F9C-475A-A758-7A97B13F637B}.Release|x86.ActiveCfg = Release|Win32
		{E8E43F6D-1F9C-475A-A758-7A97B13F637B}.Release|x86.Build.0 = Release|Win32
	EndGlobalSection
	GlobalSection(SolutionProperties) = preSolution
		HideSolutionNode = FALSE
	EndGlobalSection
	GlobalSection(ExtensibilityGlobals) = postSolution
		SolutionGuid = {A3906002-75E8-41D7-92E5-4EB39117C3FD}
	EndGlobalSection
EndGlobal
