
Microsoft Visual Studio Solution File, Format Version 12.00
# Visual Studio Version 17
VisualStudioVersion = 17.3.32825.248
MinimumVisualStudioVersion = 10.0.40219.1
Project("{8BC9CEB8-8B4A-11D0-8D11-00A0C91BC942}") = "f-Int6Exception", "Int6Exception.vcxproj", "{0955CD74-893B-4064-A290-EA4D9D94F3A7}"
EndProject
Global
	GlobalSection(SolutionConfigurationPlatforms) = preSolution
		Debug|x64 = Debug|x64
		Debug|x86 = Debug|x86
		Release|x64 = Release|x64
		Release|x86 = Release|x86
	EndGlobalSection
	GlobalSection(ProjectConfigurationPlatforms) = postSolution
		{0955CD74-893B-4064-A290-EA4D9D94F3A7}.Debug|x64.ActiveCfg = Debug|x64
		{0955CD74-893B-4064-A290-EA4D9D94F3A7}.Debug|x64.Build.0 = Debug|x64
		{0955CD74-893B-4064-A290-EA4D9D94F3A7}.Debug|x86.ActiveCfg = Debug|Win32
		{0955CD74-893B-4064-A290-EA4D9D94F3A7}.Debug|x86.Build.0 = Debug|Win32
		{0955CD74-893B-4064-A290-EA4D9D94F3A7}.Release|x64.ActiveCfg = Release|x64
		{0955CD74-893B-4064-A290-EA4D9D94F3A7}.Release|x64.Build.0 = Release|x64
		{0955CD74-893B-4064-A290-EA4D9D94F3A7}.Release|x86.ActiveCfg = Release|Win32
		{0955CD74-893B-4064-A290-EA4D9D94F3A7}.Release|x86.Build.0 = Release|Win32
	EndGlobalSection
	GlobalSection(SolutionProperties) = preSolution
		HideSolutionNode = FALSE
	EndGlobalSection
	GlobalSection(ExtensibilityGlobals) = postSolution
		SolutionGuid = {956215E5-5030-4E18-9854-D48C1F0036A5}
	EndGlobalSection
EndGlobal
