
Microsoft Visual Studio Solution File, Format Version 12.00
# Visual Studio Version 17
VisualStudioVersion = 17.11.35222.181
MinimumVisualStudioVersion = 10.0.40219.1
Project("{8BC9CEB8-8B4A-11D0-8D11-00A0C91BC942}") = "05-Jan28", "05-Jan28.vcxproj", "{7E88ED1F-EC2B-4104-8F06-9DE4CA89CAE0}"
EndProject
Global
	GlobalSection(SolutionConfigurationPlatforms) = preSolution
		Debug|x64 = Debug|x64
		Debug|x86 = Debug|x86
		Release|x64 = Release|x64
		Release|x86 = Release|x86
	EndGlobalSection
	GlobalSection(ProjectConfigurationPlatforms) = postSolution
		{7E88ED1F-EC2B-4104-8F06-9DE4CA89CAE0}.Debug|x64.ActiveCfg = Debug|x64
		{7E88ED1F-EC2B-4104-8F06-9DE4CA89CAE0}.Debug|x64.Build.0 = Debug|x64
		{7E88ED1F-EC2B-4104-8F06-9DE4CA89CAE0}.Debug|x86.ActiveCfg = Debug|Win32
		{7E88ED1F-EC2B-4104-8F06-9DE4CA89CAE0}.Debug|x86.Build.0 = Debug|Win32
		{7E88ED1F-EC2B-4104-8F06-9DE4CA89CAE0}.Release|x64.ActiveCfg = Release|x64
		{7E88ED1F-EC2B-4104-8F06-9DE4CA89CAE0}.Release|x64.Build.0 = Release|x64
		{7E88ED1F-EC2B-4104-8F06-9DE4CA89CAE0}.Release|x86.ActiveCfg = Release|Win32
		{7E88ED1F-EC2B-4104-8F06-9DE4CA89CAE0}.Release|x86.Build.0 = Release|Win32
	EndGlobalSection
	GlobalSection(SolutionProperties) = preSolution
		HideSolutionNode = FALSE
	EndGlobalSection
	GlobalSection(ExtensibilityGlobals) = postSolution
		SolutionGuid = {815ED51D-7970-4A90-91F9-429B1E4FBCA8}
	EndGlobalSection
EndGlobal
