
Microsoft Visual Studio Solution File, Format Version 12.00
# Visual Studio Version 17
VisualStudioVersion = 17.11.35222.181
MinimumVisualStudioVersion = 10.0.40219.1
Project("{8BC9CEB8-8B4A-11D0-8D11-00A0C91BC942}") = "08-Oct02", "08-Oct02.vcxproj", "{8246B30B-F3E4-477A-8156-5A0E27A2A311}"
EndProject
Global
	GlobalSection(SolutionConfigurationPlatforms) = preSolution
		Debug|x64 = Debug|x64
		Debug|x86 = Debug|x86
		Release|x64 = Release|x64
		Release|x86 = Release|x86
	EndGlobalSection
	GlobalSection(ProjectConfigurationPlatforms) = postSolution
		{8246B30B-F3E4-477A-8156-5A0E27A2A311}.Debug|x64.ActiveCfg = Debug|x64
		{8246B30B-F3E4-477A-8156-5A0E27A2A311}.Debug|x64.Build.0 = Debug|x64
		{8246B30B-F3E4-477A-8156-5A0E27A2A311}.Debug|x86.ActiveCfg = Debug|Win32
		{8246B30B-F3E4-477A-8156-5A0E27A2A311}.Debug|x86.Build.0 = Debug|Win32
		{8246B30B-F3E4-477A-8156-5A0E27A2A311}.Release|x64.ActiveCfg = Release|x64
		{8246B30B-F3E4-477A-8156-5A0E27A2A311}.Release|x64.Build.0 = Release|x64
		{8246B30B-F3E4-477A-8156-5A0E27A2A311}.Release|x86.ActiveCfg = Release|Win32
		{8246B30B-F3E4-477A-8156-5A0E27A2A311}.Release|x86.Build.0 = Release|Win32
	EndGlobalSection
	GlobalSection(SolutionProperties) = preSolution
		HideSolutionNode = FALSE
	EndGlobalSection
	GlobalSection(ExtensibilityGlobals) = postSolution
		SolutionGuid = {DB532AD2-A39E-4F85-9D20-5FC51AD2DC0F}
	EndGlobalSection
EndGlobal
