
Microsoft Visual Studio Solution File, Format Version 12.00
# Visual Studio Version 17
VisualStudioVersion = 17.11.35222.181
MinimumVisualStudioVersion = 10.0.40219.1
Project("{8BC9CEB8-8B4A-11D0-8D11-00A0C91BC942}") = "01-Jan09", "01-Jan09.vcxproj", "{1892E266-ECBA-41EC-9773-7037B72D0060}"
EndProject
Global
	GlobalSection(SolutionConfigurationPlatforms) = preSolution
		Debug|x64 = Debug|x64
		Debug|x86 = Debug|x86
		Release|x64 = Release|x64
		Release|x86 = Release|x86
	EndGlobalSection
	GlobalSection(ProjectConfigurationPlatforms) = postSolution
		{1892E266-ECBA-41EC-9773-7037B72D0060}.Debug|x64.ActiveCfg = Debug|x64
		{1892E266-ECBA-41EC-9773-7037B72D0060}.Debug|x64.Build.0 = Debug|x64
		{1892E266-ECBA-41EC-9773-7037B72D0060}.Debug|x86.ActiveCfg = Debug|Win32
		{1892E266-ECBA-41EC-9773-7037B72D0060}.Debug|x86.Build.0 = Debug|Win32
		{1892E266-ECBA-41EC-9773-7037B72D0060}.Release|x64.ActiveCfg = Release|x64
		{1892E266-ECBA-41EC-9773-7037B72D0060}.Release|x64.Build.0 = Release|x64
		{1892E266-ECBA-41EC-9773-7037B72D0060}.Release|x86.ActiveCfg = Release|Win32
		{1892E266-ECBA-41EC-9773-7037B72D0060}.Release|x86.Build.0 = Release|Win32
	EndGlobalSection
	GlobalSection(SolutionProperties) = preSolution
		HideSolutionNode = FALSE
	EndGlobalSection
	GlobalSection(ExtensibilityGlobals) = postSolution
		SolutionGuid = {66E4B811-C6B0-4AEC-9B14-53917E6ABEFD}
	EndGlobalSection
EndGlobal
