
Microsoft Visual Studio Solution File, Format Version 12.00
# Visual Studio Version 17
VisualStudioVersion = 17.11.35222.181
MinimumVisualStudioVersion = 10.0.40219.1
Project("{8BC9CEB8-8B4A-11D0-8D11-00A0C91BC942}") = "16-Nov15", "16-Nov15.vcxproj", "{A9B3450C-85D6-4F5D-9056-E9E6CBE3817C}"
EndProject
Global
	GlobalSection(SolutionConfigurationPlatforms) = preSolution
		Debug|x64 = Debug|x64
		Debug|x86 = Debug|x86
		Release|x64 = Release|x64
		Release|x86 = Release|x86
	EndGlobalSection
	GlobalSection(ProjectConfigurationPlatforms) = postSolution
		{A9B3450C-85D6-4F5D-9056-E9E6CBE3817C}.Debug|x64.ActiveCfg = Debug|x64
		{A9B3450C-85D6-4F5D-9056-E9E6CBE3817C}.Debug|x64.Build.0 = Debug|x64
		{A9B3450C-85D6-4F5D-9056-E9E6CBE3817C}.Debug|x86.ActiveCfg = Debug|Win32
		{A9B3450C-85D6-4F5D-9056-E9E6CBE3817C}.Debug|x86.Build.0 = Debug|Win32
		{A9B3450C-85D6-4F5D-9056-E9E6CBE3817C}.Release|x64.ActiveCfg = Release|x64
		{A9B3450C-85D6-4F5D-9056-E9E6CBE3817C}.Release|x64.Build.0 = Release|x64
		{A9B3450C-85D6-4F5D-9056-E9E6CBE3817C}.Release|x86.ActiveCfg = Release|Win32
		{A9B3450C-85D6-4F5D-9056-E9E6CBE3817C}.Release|x86.Build.0 = Release|Win32
	EndGlobalSection
	GlobalSection(SolutionProperties) = preSolution
		HideSolutionNode = FALSE
	EndGlobalSection
	GlobalSection(ExtensibilityGlobals) = postSolution
		SolutionGuid = {A32E7E66-C16B-48F0-9693-9DCC3CB04142}
	EndGlobalSection
EndGlobal
